Microsoft Visual Studio Solution File, Format Version 12.00
# Visual Studio 2012
Project("{FAE04EC0-301F-11D3-BF4B-00C04F79EFBC}") = "FubuMVC.Authentication", "FubuMVC.Authentication\FubuMVC.Authentication.csproj", "{B889AF6B-2744-4370-842A-04026D1370B5}"
EndProject
Project("{FAE04EC0-301F-11D3-BF4B-00C04F79EFBC}") = "FubuMVC.Authentication.Tests", "FubuMVC.Authentication.Tests\FubuMVC.Authentication.Tests.csproj", "{3E04D7BF-BA4A-4799-93EA-494597D55B5F}"
EndProject
Project("{FAE04EC0-301F-11D3-BF4B-00C04F79EFBC}") = "FubuMVC.Authentication.Twitter", "FubuMVC.Authentication.Twitter\FubuMVC.Authentication.Twitter.csproj", "{FA35FD75-E863-4AC3-81B7-A7B81A815898}"
EndProject
Project("{FAE04EC0-301F-11D3-BF4B-00C04F79EFBC}") = "FubuMVC.Authentication.Twitter.Tests", "FubuMVC.Authentication.Twitter.Tests\FubuMVC.Authentication.Twitter.Tests.csproj", "{93C583A3-027A-4F9E-9B69-C0FBB57A86F6}"
EndProject
Project("{FAE04EC0-301F-11D3-BF4B-00C04F79EFBC}") = "FubuMVC.Authentication.IntegrationTesting", "FubuMVC.Authentication.IntegrationTesting\FubuMVC.Authentication.IntegrationTesting.csproj", "{997ED7D1-6FD7-4583-A64A-A332FB8095C5}"
EndProject
Project("{FAE04EC0-301F-11D3-BF4B-00C04F79EFBC}") = "FubuMVC.Authentication.Windows", "FubuMVC.Authentication.Windows\FubuMVC.Authentication.Windows.csproj", "{9C2AE17E-C6DD-4642-80A5-E4AA91754A5F}"
EndProject
Project("{FAE04EC0-301F-11D3-BF4B-00C04F79EFBC}") = "FubuMVC.Authentication.Windows.Testing", "FubuMVC.Authentication.Windows.Testing\FubuMVC.Authentication.Windows.Testing.csproj", "{F9F30F2A-E49F-4275-9D93-5F21F3C7FB3E}"
EndProject
Project("{FAE04EC0-301F-11D3-BF4B-00C04F79EFBC}") = "AuthenticationHarness", "AuthenticationHarness\AuthenticationHarness.csproj", "{D409B7B6-148E-4AFB-ABC1-0D99A5629446}"
EndProject
Project("{FAE04EC0-301F-11D3-BF4B-00C04F79EFBC}") = "FubuMVC.PersistedMembership", "FubuMVC.PersistedMembership\FubuMVC.PersistedMembership.csproj", "{89C78A78-4C10-4C34-94AD-80C89F8C6606}"
EndProject
Project("{FAE04EC0-301F-11D3-BF4B-00C04F79EFBC}") = "FubuMVC.PersistedMembership.Testing", "FubuMVC.PersistedMembership.Testing\FubuMVC.PersistedMembership.Testing.csproj", "{D320FB44-9A73-446E-80ED-5CA4C9C2838A}"
EndProject
Global
	GlobalSection(SolutionConfigurationPlatforms) = preSolution
		Debug|Any CPU = Debug|Any CPU
		Release|Any CPU = Release|Any CPU
	EndGlobalSection
	GlobalSection(ProjectConfigurationPlatforms) = postSolution
		{B889AF6B-2744-4370-842A-04026D1370B5}.Debug|Any CPU.ActiveCfg = Debug|Any CPU
		{B889AF6B-2744-4370-842A-04026D1370B5}.Debug|Any CPU.Build.0 = Debug|Any CPU
		{B889AF6B-2744-4370-842A-04026D1370B5}.Release|Any CPU.ActiveCfg = Release|Any CPU
		{B889AF6B-2744-4370-842A-04026D1370B5}.Release|Any CPU.Build.0 = Release|Any CPU
		{3E04D7BF-BA4A-4799-93EA-494597D55B5F}.Debug|Any CPU.ActiveCfg = Debug|Any CPU
		{3E04D7BF-BA4A-4799-93EA-494597D55B5F}.Debug|Any CPU.Build.0 = Debug|Any CPU
		{3E04D7BF-BA4A-4799-93EA-494597D55B5F}.Release|Any CPU.ActiveCfg = Release|Any CPU
		{3E04D7BF-BA4A-4799-93EA-494597D55B5F}.Release|Any CPU.Build.0 = Release|Any CPU
		{FA35FD75-E863-4AC3-81B7-A7B81A815898}.Debug|Any CPU.ActiveCfg = Debug|Any CPU
		{FA35FD75-E863-4AC3-81B7-A7B81A815898}.Debug|Any CPU.Build.0 = Debug|Any CPU
		{FA35FD75-E863-4AC3-81B7-A7B81A815898}.Release|Any CPU.ActiveCfg = Release|Any CPU
		{FA35FD75-E863-4AC3-81B7-A7B81A815898}.Release|Any CPU.Build.0 = Release|Any CPU
		{93C583A3-027A-4F9E-9B69-C0FBB57A86F6}.Debug|Any CPU.ActiveCfg = Debug|Any CPU
		{93C583A3-027A-4F9E-9B69-C0FBB57A86F6}.Debug|Any CPU.Build.0 = Debug|Any CPU
		{93C583A3-027A-4F9E-9B69-C0FBB57A86F6}.Release|Any CPU.ActiveCfg = Release|Any CPU
		{93C583A3-027A-4F9E-9B69-C0FBB57A86F6}.Release|Any CPU.Build.0 = Release|Any CPU
		{997ED7D1-6FD7-4583-A64A-A332FB8095C5}.Debug|Any CPU.ActiveCfg = Debug|Any CPU
		{997ED7D1-6FD7-4583-A64A-A332FB8095C5}.Debug|Any CPU.Build.0 = Debug|Any CPU
		{997ED7D1-6FD7-4583-A64A-A332FB8095C5}.Release|Any CPU.ActiveCfg = Release|Any CPU
		{997ED7D1-6FD7-4583-A64A-A332FB8095C5}.Release|Any CPU.Build.0 = Release|Any CPU
		{9C2AE17E-C6DD-4642-80A5-E4AA91754A5F}.Debug|Any CPU.ActiveCfg = Debug|Any CPU
		{9C2AE17E-C6DD-4642-80A5-E4AA91754A5F}.Debug|Any CPU.Build.0 = Debug|Any CPU
		{9C2AE17E-C6DD-4642-80A5-E4AA91754A5F}.Release|Any CPU.ActiveCfg = Release|Any CPU
		{9C2AE17E-C6DD-4642-80A5-E4AA91754A5F}.Release|Any CPU.Build.0 = Release|Any CPU
		{F9F30F2A-E49F-4275-9D93-5F21F3C7FB3E}.Debug|Any CPU.ActiveCfg = Debug|Any CPU
		{F9F30F2A-E49F-4275-9D93-5F21F3C7FB3E}.Debug|Any CPU.Build.0 = Debug|Any CPU
		{F9F30F2A-E49F-4275-9D93-5F21F3C7FB3E}.Release|Any CPU.ActiveCfg = Release|Any CPU
		{F9F30F2A-E49F-4275-9D93-5F21F3C7FB3E}.Release|Any CPU.Build.0 = Release|Any CPU
		{D409B7B6-148E-4AFB-ABC1-0D99A5629446}.Debug|Any CPU.ActiveCfg = Debug|Any CPU
		{D409B7B6-148E-4AFB-ABC1-0D99A5629446}.Debug|Any CPU.Build.0 = Debug|Any CPU
		{D409B7B6-148E-4AFB-ABC1-0D99A5629446}.Release|Any CPU.ActiveCfg = Release|Any CPU
		{D409B7B6-148E-4AFB-ABC1-0D99A5629446}.Release|Any CPU.Build.0 = Release|Any CPU
		{89C78A78-4C10-4C34-94AD-80C89F8C6606}.Debug|Any CPU.ActiveCfg = Debug|Any CPU
		{89C78A78-4C10-4C34-94AD-80C89F8C6606}.Debug|Any CPU.Build.0 = Debug|Any CPU
		{89C78A78-4C10-4C34-94AD-80C89F8C6606}.Release|Any CPU.ActiveCfg = Release|Any CPU
		{89C78A78-4C10-4C34-94AD-80C89F8C6606}.Release|Any CPU.Build.0 = Release|Any CPU
		{D320FB44-9A73-446E-80ED-5CA4C9C2838A}.Debug|Any CPU.ActiveCfg = Debug|Any CPU
		{D320FB44-9A73-446E-80ED-5CA4C9C2838A}.Debug|Any CPU.Build.0 = Debug|Any CPU
		{D320FB44-9A73-446E-80ED-5CA4C9C2838A}.Release|Any CPU.ActiveCfg = Release|Any CPU
		{D320FB44-9A73-446E-80ED-5CA4C9C2838A}.Release|Any CPU.Build.0 = Release|Any CPU
	EndGlobalSection
	GlobalSection(SolutionProperties) = preSolution
		HideSolutionNode = FALSE
	EndGlobalSection
EndGlobal
